
Microsoft Visual Studio Solution File, Format Version 12.00
# Visual Studio 15
Project("{FAE04EC0-301F-11D3-BF4B-00C04F79EFBC}") = "Customer_Handler", "Customer_Handler\Customer_Handler.csproj", "{F107ED41-95D9-4345-B71B-F9A13BD4F7C5}"
EndProject
Project("{E53339B2-1760-4266-BCC7-CA923CBCF16C}") = "docker-compose", "docker-compose.dcproj", "{483D8FB7-25B7-4350-B8BF-5D1FE0F805A0}"
EndProject
Global
	GlobalSection(SolutionConfigurationPlatforms) = preSolution
		Debug|Any CPU = Debug|Any CPU
		Release|Any CPU = Release|Any CPU
	EndGlobalSection
	GlobalSection(ProjectConfigurationPlatforms) = postSolution
		{F107ED41-95D9-4345-B71B-F9A13BD4F7C5}.Debug|Any CPU.ActiveCfg = Debug|Any CPU
		{F107ED41-95D9-4345-B71B-F9A13BD4F7C5}.Debug|Any CPU.Build.0 = Debug|Any CPU
		{F107ED41-95D9-4345-B71B-F9A13BD4F7C5}.Release|Any CPU.ActiveCfg = Release|Any CPU
		{F107ED41-95D9-4345-B71B-F9A13BD4F7C5}.Release|Any CPU.Build.0 = Release|Any CPU
		{483D8FB7-25B7-4350-B8BF-5D1FE0F805A0}.Debug|Any CPU.ActiveCfg = Debug|Any CPU
		{483D8FB7-25B7-4350-B8BF-5D1FE0F805A0}.Debug|Any CPU.Build.0 = Debug|Any CPU
		{483D8FB7-25B7-4350-B8BF-5D1FE0F805A0}.Release|Any CPU.ActiveCfg = Release|Any CPU
		{483D8FB7-25B7-4350-B8BF-5D1FE0F805A0}.Release|Any CPU.Build.0 = Release|Any CPU
	EndGlobalSection
EndGlobal
